// !$*UTF8*$!
{
	archiveVersion = 1;
	classes = {
	};
	objectVersion = 48;
	objects = {

/* Begin PBXBuildFile section */
		7C162E8820C2022F001E9DF2 /* PreferencesViewController.swift in Sources */ = {isa = PBXBuildFile; fileRef = 7C162E8720C2022F001E9DF2 /* PreferencesViewController.swift */; };
		7C187A8820BB01E900A2A234 /* AccessibilityUtil.swift in Sources */ = {isa = PBXBuildFile; fileRef = 7C187A8720BB01E900A2A234 /* AccessibilityUtil.swift */; };
		7C187A9020BCCD5C00A2A234 /* GridSelectionCell.swift in Sources */ = {isa = PBXBuildFile; fileRef = 7C187A8F20BCCD5C00A2A234 /* GridSelectionCell.swift */; };
		7C2FD3B11FCB176C00F2372E /* AppDelegate.swift in Sources */ = {isa = PBXBuildFile; fileRef = 7C2FD3B01FCB176C00F2372E /* AppDelegate.swift */; };
		7C2FD3B31FCB176C00F2372E /* GridSelectionViewController.swift in Sources */ = {isa = PBXBuildFile; fileRef = 7C2FD3B21FCB176C00F2372E /* GridSelectionViewController.swift */; };
		7C2FD3B51FCB176C00F2372E /* Assets.xcassets in Resources */ = {isa = PBXBuildFile; fileRef = 7C2FD3B41FCB176C00F2372E /* Assets.xcassets */; };
		7C2FD3B81FCB176C00F2372E /* Main.storyboard in Resources */ = {isa = PBXBuildFile; fileRef = 7C2FD3B61FCB176C00F2372E /* Main.storyboard */; };
		7C3123B120BF8B450069A32F /* GridResizeDelegate.swift in Sources */ = {isa = PBXBuildFile; fileRef = 7C3123B020BF8B450069A32F /* GridResizeDelegate.swift */; };
		7C337FE920CC70D3007FBB12 /* HotKeySelectionView.swift in Sources */ = {isa = PBXBuildFile; fileRef = 7C337FE820CC70D2007FBB12 /* HotKeySelectionView.swift */; };
		7C625D5D2103700F00C1334F /* GridSelectionView.swift in Sources */ = {isa = PBXBuildFile; fileRef = 7C625D5C2103700F00C1334F /* GridSelectionView.swift */; };
		7C713A1220D6C77B003AFD60 /* Preferences.storyboard in Resources */ = {isa = PBXBuildFile; fileRef = 7C713A1020D6C77B003AFD60 /* Preferences.storyboard */; };
		7C713A1420D71B97003AFD60 /* FenestraCommonLib.framework in Embed Frameworks */ = {isa = PBXBuildFile; fileRef = 7CC5408D20D6B31800B1B00C /* FenestraCommonLib.framework */; settings = {ATTRIBUTES = (CodeSignOnCopy, RemoveHeadersOnCopy, ); }; };
		7C7E3D5F20DED4C700BD0A56 /* IntegerValueFormatter.swift in Sources */ = {isa = PBXBuildFile; fileRef = 7C7E3D5E20DED4C700BD0A56 /* IntegerValueFormatter.swift */; };
		7CC5400D20D69AB200B1B00C /* AppDelegate.swift in Sources */ = {isa = PBXBuildFile; fileRef = 7CC5400C20D69AB200B1B00C /* AppDelegate.swift */; };
		7CC5401120D69AB400B1B00C /* Assets.xcassets in Resources */ = {isa = PBXBuildFile; fileRef = 7CC5401020D69AB400B1B00C /* Assets.xcassets */; };
		7CC5401420D69AB400B1B00C /* Main.storyboard in Resources */ = {isa = PBXBuildFile; fileRef = 7CC5401220D69AB400B1B00C /* Main.storyboard */; };
		7CC5401C20D6AB4500B1B00C /* FenestraLauncher.app in CopyFiles */ = {isa = PBXBuildFile; fileRef = 7CC5400A20D69AB200B1B00C /* FenestraLauncher.app */; settings = {ATTRIBUTES = (RemoveHeadersOnCopy, ); }; };
		7CC5401E20D6AB5E00B1B00C /* ServiceManagement.framework in Frameworks */ = {isa = PBXBuildFile; fileRef = 7CC5401D20D6AB5E00B1B00C /* ServiceManagement.framework */; };
		7CC5409220D6B36100B1B00C /* FenestraCommonLib.framework in Frameworks */ = {isa = PBXBuildFile; fileRef = 7CC5408D20D6B31800B1B00C /* FenestraCommonLib.framework */; };
		7CC5409320D6B36F00B1B00C /* FenestraCommonLib.framework in Frameworks */ = {isa = PBXBuildFile; fileRef = 7CC5408D20D6B31800B1B00C /* FenestraCommonLib.framework */; };
		AC84FC1445315AC90FBA1329 /* Pods_Fenestra.framework in Frameworks */ = {isa = PBXBuildFile; fileRef = 97322EB79F73F28070B0443D /* Pods_Fenestra.framework */; };
/* End PBXBuildFile section */

/* Begin PBXContainerItemProxy section */
		7CC5408C20D6B31800B1B00C /* PBXContainerItemProxy */ = {
			isa = PBXContainerItemProxy;
			containerPortal = 7CC5408820D6B31700B1B00C /* FenestraCommonLib.xcodeproj */;
			proxyType = 2;
			remoteGlobalIDString = 7CC5407D20D6B31700B1B00C;
			remoteInfo = FenestraCommonLib;
		};
/* End PBXContainerItemProxy section */

/* Begin PBXCopyFilesBuildPhase section */
		7CC5401B20D6AB2900B1B00C /* CopyFiles */ = {
			isa = PBXCopyFilesBuildPhase;
			buildActionMask = 2147483647;
			dstPath = Contents/Library/LoginItems;
			dstSubfolderSpec = 1;
			files = (
				7CC5401C20D6AB4500B1B00C /* FenestraLauncher.app in CopyFiles */,
			);
			runOnlyForDeploymentPostprocessing = 0;
		};
		7CC5403D20D6AFD000B1B00C /* Embed Frameworks */ = {
			isa = PBXCopyFilesBuildPhase;
			buildActionMask = 2147483647;
			dstPath = "";
			dstSubfolderSpec = 10;
			files = (
				7C713A1420D71B97003AFD60 /* FenestraCommonLib.framework in Embed Frameworks */,
			);
			name = "Embed Frameworks";
			runOnlyForDeploymentPostprocessing = 0;
		};
/* End PBXCopyFilesBuildPhase section */

/* Begin PBXFileReference section */
		7C162E8720C2022F001E9DF2 /* PreferencesViewController.swift */ = {isa = PBXFileReference; lastKnownFileType = sourcecode.swift; path = PreferencesViewController.swift; sourceTree = "<group>"; };
		7C187A8720BB01E900A2A234 /* AccessibilityUtil.swift */ = {isa = PBXFileReference; lastKnownFileType = sourcecode.swift; path = AccessibilityUtil.swift; sourceTree = "<group>"; };
		7C187A8F20BCCD5C00A2A234 /* GridSelectionCell.swift */ = {isa = PBXFileReference; lastKnownFileType = sourcecode.swift; path = GridSelectionCell.swift; sourceTree = "<group>"; };
		7C2FD3AD1FCB176C00F2372E /* Fenestra.app */ = {isa = PBXFileReference; explicitFileType = wrapper.application; includeInIndex = 0; path = Fenestra.app; sourceTree = BUILT_PRODUCTS_DIR; };
		7C2FD3B01FCB176C00F2372E /* AppDelegate.swift */ = {isa = PBXFileReference; lastKnownFileType = sourcecode.swift; path = AppDelegate.swift; sourceTree = "<group>"; };
		7C2FD3B21FCB176C00F2372E /* GridSelectionViewController.swift */ = {isa = PBXFileReference; lastKnownFileType = sourcecode.swift; path = GridSelectionViewController.swift; sourceTree = "<group>"; };
		7C2FD3B41FCB176C00F2372E /* Assets.xcassets */ = {isa = PBXFileReference; lastKnownFileType = folder.assetcatalog; path = Assets.xcassets; sourceTree = "<group>"; };
		7C2FD3B71FCB176C00F2372E /* Base */ = {isa = PBXFileReference; lastKnownFileType = file.storyboard; name = Base; path = Base.lproj/Main.storyboard; sourceTree = "<group>"; };
		7C2FD3B91FCB176C00F2372E /* Info.plist */ = {isa = PBXFileReference; lastKnownFileType = text.plist.xml; path = Info.plist; sourceTree = "<group>"; };
		7C2FD3BA1FCB176C00F2372E /* Fenestra.entitlements */ = {isa = PBXFileReference; lastKnownFileType = text.plist.entitlements; path = Fenestra.entitlements; sourceTree = "<group>"; };
		7C3123B020BF8B450069A32F /* GridResizeDelegate.swift */ = {isa = PBXFileReference; lastKnownFileType = sourcecode.swift; path = GridResizeDelegate.swift; sourceTree = "<group>"; };
		7C337FE820CC70D2007FBB12 /* HotKeySelectionView.swift */ = {isa = PBXFileReference; lastKnownFileType = sourcecode.swift; path = HotKeySelectionView.swift; sourceTree = "<group>"; };
		7C625D5C2103700F00C1334F /* GridSelectionView.swift */ = {isa = PBXFileReference; fileEncoding = 4; lastKnownFileType = sourcecode.swift; path = GridSelectionView.swift; sourceTree = "<group>"; };
		7C713A1020D6C77B003AFD60 /* Preferences.storyboard */ = {isa = PBXFileReference; fileEncoding = 4; lastKnownFileType = file.storyboard; path = Preferences.storyboard; sourceTree = "<group>"; };
		7C7E3D5E20DED4C700BD0A56 /* IntegerValueFormatter.swift */ = {isa = PBXFileReference; lastKnownFileType = sourcecode.swift; path = IntegerValueFormatter.swift; sourceTree = "<group>"; };
		7CC5400A20D69AB200B1B00C /* FenestraLauncher.app */ = {isa = PBXFileReference; explicitFileType = wrapper.application; includeInIndex = 0; path = FenestraLauncher.app; sourceTree = BUILT_PRODUCTS_DIR; };
		7CC5400C20D69AB200B1B00C /* AppDelegate.swift */ = {isa = PBXFileReference; lastKnownFileType = sourcecode.swift; path = AppDelegate.swift; sourceTree = "<group>"; };
		7CC5401020D69AB400B1B00C /* Assets.xcassets */ = {isa = PBXFileReference; lastKnownFileType = folder.assetcatalog; path = Assets.xcassets; sourceTree = "<group>"; };
		7CC5401320D69AB400B1B00C /* Base */ = {isa = PBXFileReference; lastKnownFileType = file.storyboard; name = Base; path = Base.lproj/Main.storyboard; sourceTree = "<group>"; };
		7CC5401520D69AB400B1B00C /* Info.plist */ = {isa = PBXFileReference; lastKnownFileType = text.plist.xml; path = Info.plist; sourceTree = "<group>"; };
		7CC5401620D69AB400B1B00C /* FenestraLauncher.entitlements */ = {isa = PBXFileReference; lastKnownFileType = text.plist.entitlements; path = FenestraLauncher.entitlements; sourceTree = "<group>"; };
		7CC5401D20D6AB5E00B1B00C /* ServiceManagement.framework */ = {isa = PBXFileReference; lastKnownFileType = wrapper.framework; name = ServiceManagement.framework; path = System/Library/Frameworks/ServiceManagement.framework; sourceTree = SDKROOT; };
		7CC5408820D6B31700B1B00C /* FenestraCommonLib.xcodeproj */ = {isa = PBXFileReference; lastKnownFileType = "wrapper.pb-project"; name = FenestraCommonLib.xcodeproj; path = FenestraCommonLib/FenestraCommonLib.xcodeproj; sourceTree = "<group>"; };
		97322EB79F73F28070B0443D /* Pods_Fenestra.framework */ = {isa = PBXFileReference; explicitFileType = wrapper.framework; includeInIndex = 0; path = Pods_Fenestra.framework; sourceTree = BUILT_PRODUCTS_DIR; };
		B23024FEFCEC2DEA8CC4491C /* Pods-Fenestra.debug.xcconfig */ = {isa = PBXFileReference; includeInIndex = 1; lastKnownFileType = text.xcconfig; name = "Pods-Fenestra.debug.xcconfig"; path = "Pods/Target Support Files/Pods-Fenestra/Pods-Fenestra.debug.xcconfig"; sourceTree = "<group>"; };
		E3158CDF1375AACFAF509130 /* Pods-Fenestra.release.xcconfig */ = {isa = PBXFileReference; includeInIndex = 1; lastKnownFileType = text.xcconfig; name = "Pods-Fenestra.release.xcconfig"; path = "Pods/Target Support Files/Pods-Fenestra/Pods-Fenestra.release.xcconfig"; sourceTree = "<group>"; };
/* End PBXFileReference section */

/* Begin PBXFrameworksBuildPhase section */
		7C2FD3AA1FCB176C00F2372E /* Frameworks */ = {
			isa = PBXFrameworksBuildPhase;
			buildActionMask = 2147483647;
			files = (
				7CC5409220D6B36100B1B00C /* FenestraCommonLib.framework in Frameworks */,
				7CC5401E20D6AB5E00B1B00C /* ServiceManagement.framework in Frameworks */,
				AC84FC1445315AC90FBA1329 /* Pods_Fenestra.framework in Frameworks */,
			);
			runOnlyForDeploymentPostprocessing = 0;
		};
		7CC5400720D69AB200B1B00C /* Frameworks */ = {
			isa = PBXFrameworksBuildPhase;
			buildActionMask = 2147483647;
			files = (
				7CC5409320D6B36F00B1B00C /* FenestraCommonLib.framework in Frameworks */,
			);
			runOnlyForDeploymentPostprocessing = 0;
		};
/* End PBXFrameworksBuildPhase section */

/* Begin PBXGroup section */
		21900F303049232BC61B276D /* Pods */ = {
			isa = PBXGroup;
			children = (
				B23024FEFCEC2DEA8CC4491C /* Pods-Fenestra.debug.xcconfig */,
				E3158CDF1375AACFAF509130 /* Pods-Fenestra.release.xcconfig */,
			);
			name = Pods;
			sourceTree = "<group>";
		};
		7C2FD3A41FCB176B00F2372E = {
			isa = PBXGroup;
			children = (
				7C2FD3AF1FCB176C00F2372E /* Fenestra */,
				7CC5400B20D69AB200B1B00C /* FenestraLauncher */,
				7CC5408820D6B31700B1B00C /* FenestraCommonLib.xcodeproj */,
				7C2FD3AE1FCB176C00F2372E /* Products */,
				21900F303049232BC61B276D /* Pods */,
				EA4395079937B85572CADE99 /* Frameworks */,
			);
			sourceTree = "<group>";
		};
		7C2FD3AE1FCB176C00F2372E /* Products */ = {
			isa = PBXGroup;
			children = (
				7C2FD3AD1FCB176C00F2372E /* Fenestra.app */,
				7CC5400A20D69AB200B1B00C /* FenestraLauncher.app */,
			);
			name = Products;
			sourceTree = "<group>";
		};
		7C2FD3AF1FCB176C00F2372E /* Fenestra */ = {
			isa = PBXGroup;
			children = (
				7C2FD3B01FCB176C00F2372E /* AppDelegate.swift */,
				7C625D5921036F8A00C1334F /* GridSelection */,
				7C625D5A21036F9000C1334F /* Preferences */,
				7C187A8720BB01E900A2A234 /* AccessibilityUtil.swift */,
				7C2FD3B41FCB176C00F2372E /* Assets.xcassets */,
				7C2FD3BA1FCB176C00F2372E /* Fenestra.entitlements */,
				7C2FD3B91FCB176C00F2372E /* Info.plist */,
			);
			path = Fenestra;
			sourceTree = "<group>";
		};
		7C625D5921036F8A00C1334F /* GridSelection */ = {
			isa = PBXGroup;
			children = (
				7C3123B020BF8B450069A32F /* GridResizeDelegate.swift */,
				7C2FD3B21FCB176C00F2372E /* GridSelectionViewController.swift */,
				7C187A8F20BCCD5C00A2A234 /* GridSelectionCell.swift */,
				7C625D5C2103700F00C1334F /* GridSelectionView.swift */,
				7C2FD3B61FCB176C00F2372E /* Main.storyboard */,
			);
			path = GridSelection;
			sourceTree = "<group>";
		};
		7C625D5A21036F9000C1334F /* Preferences */ = {
			isa = PBXGroup;
			children = (
				7C162E8720C2022F001E9DF2 /* PreferencesViewController.swift */,
				7C7E3D5E20DED4C700BD0A56 /* IntegerValueFormatter.swift */,
				7C337FE820CC70D2007FBB12 /* HotKeySelectionView.swift */,
				7C713A1020D6C77B003AFD60 /* Preferences.storyboard */,
			);
			path = Preferences;
			sourceTree = "<group>";
		};
		7CC5400B20D69AB200B1B00C /* FenestraLauncher */ = {
			isa = PBXGroup;
			children = (
				7CC5400C20D69AB200B1B00C /* AppDelegate.swift */,
				7CC5401020D69AB400B1B00C /* Assets.xcassets */,
				7CC5401220D69AB400B1B00C /* Main.storyboard */,
				7CC5401520D69AB400B1B00C /* Info.plist */,
				7CC5401620D69AB400B1B00C /* FenestraLauncher.entitlements */,
			);
			path = FenestraLauncher;
			sourceTree = "<group>";
		};
		7CC5408920D6B31700B1B00C /* Products */ = {
			isa = PBXGroup;
			children = (
				7CC5408D20D6B31800B1B00C /* FenestraCommonLib.framework */,
			);
			name = Products;
			sourceTree = "<group>";
		};
		EA4395079937B85572CADE99 /* Frameworks */ = {
			isa = PBXGroup;
			children = (
				7CC5401D20D6AB5E00B1B00C /* ServiceManagement.framework */,
				97322EB79F73F28070B0443D /* Pods_Fenestra.framework */,
			);
			name = Frameworks;
			sourceTree = "<group>";
		};
/* End PBXGroup section */

/* Begin PBXNativeTarget section */
		7C2FD3AC1FCB176C00F2372E /* Fenestra */ = {
			isa = PBXNativeTarget;
			buildConfigurationList = 7C2FD3D31FCB176C00F2372E /* Build configuration list for PBXNativeTarget "Fenestra" */;
			buildPhases = (
				6EEAAEB0CF989DFFD41E4EC9 /* [CP] Check Pods Manifest.lock */,
				7C2FD3A91FCB176C00F2372E /* Sources */,
				7C2FD3AA1FCB176C00F2372E /* Frameworks */,
				7C2FD3AB1FCB176C00F2372E /* Resources */,
				7CC5401B20D6AB2900B1B00C /* CopyFiles */,
				044EDE51BBBCAFC659888833 /* [CP] Embed Pods Frameworks */,
				4B7E0822009BD9D46D4E105E /* [CP] Copy Pods Resources */,
				7CC5403D20D6AFD000B1B00C /* Embed Frameworks */,
			);
			buildRules = (
			);
			dependencies = (
			);
			name = Fenestra;
			productName = Fenestra;
			productReference = 7C2FD3AD1FCB176C00F2372E /* Fenestra.app */;
			productType = "com.apple.product-type.application";
		};
		7CC5400920D69AB200B1B00C /* FenestraLauncher */ = {
			isa = PBXNativeTarget;
			buildConfigurationList = 7CC5401920D69AB400B1B00C /* Build configuration list for PBXNativeTarget "FenestraLauncher" */;
			buildPhases = (
				7CC5400620D69AB200B1B00C /* Sources */,
				7CC5400720D69AB200B1B00C /* Frameworks */,
				7CC5400820D69AB200B1B00C /* Resources */,
			);
			buildRules = (
			);
			dependencies = (
			);
			name = FenestraLauncher;
			productName = FenestraLauncher;
			productReference = 7CC5400A20D69AB200B1B00C /* FenestraLauncher.app */;
			productType = "com.apple.product-type.application";
		};
/* End PBXNativeTarget section */

/* Begin PBXProject section */
		7C2FD3A51FCB176C00F2372E /* Project object */ = {
			isa = PBXProject;
			attributes = {
				LastSwiftUpdateCheck = 0930;
				LastUpgradeCheck = 0930;
				ORGANIZATIONNAME = CodingPanda;
				TargetAttributes = {
					7C2FD3AC1FCB176C00F2372E = {
						CreatedOnToolsVersion = 9.1;
						ProvisioningStyle = Automatic;
					};
					7CC5400920D69AB200B1B00C = {
						CreatedOnToolsVersion = 9.3.1;
						ProvisioningStyle = Automatic;
					};
				};
			};
			buildConfigurationList = 7C2FD3A81FCB176C00F2372E /* Build configuration list for PBXProject "Fenestra" */;
			compatibilityVersion = "Xcode 8.0";
			developmentRegion = en;
			hasScannedForEncodings = 0;
			knownRegions = (
				en,
				Base,
			);
			mainGroup = 7C2FD3A41FCB176B00F2372E;
			productRefGroup = 7C2FD3AE1FCB176C00F2372E /* Products */;
			projectDirPath = "";
			projectReferences = (
				{
					ProductGroup = 7CC5408920D6B31700B1B00C /* Products */;
					ProjectRef = 7CC5408820D6B31700B1B00C /* FenestraCommonLib.xcodeproj */;
				},
			);
			projectRoot = "";
			targets = (
				7C2FD3AC1FCB176C00F2372E /* Fenestra */,
				7CC5400920D69AB200B1B00C /* FenestraLauncher */,
			);
		};
/* End PBXProject section */

/* Begin PBXReferenceProxy section */
		7CC5408D20D6B31800B1B00C /* FenestraCommonLib.framework */ = {
			isa = PBXReferenceProxy;
			fileType = wrapper.framework;
			path = FenestraCommonLib.framework;
			remoteRef = 7CC5408C20D6B31800B1B00C /* PBXContainerItemProxy */;
			sourceTree = BUILT_PRODUCTS_DIR;
		};
/* End PBXReferenceProxy section */

/* Begin PBXResourcesBuildPhase section */
		7C2FD3AB1FCB176C00F2372E /* Resources */ = {
			isa = PBXResourcesBuildPhase;
			buildActionMask = 2147483647;
			files = (
				7C713A1220D6C77B003AFD60 /* Preferences.storyboard in Resources */,
				7C2FD3B51FCB176C00F2372E /* Assets.xcassets in Resources */,
				7C2FD3B81FCB176C00F2372E /* Main.storyboard in Resources */,
			);
			runOnlyForDeploymentPostprocessing = 0;
		};
		7CC5400820D69AB200B1B00C /* Resources */ = {
			isa = PBXResourcesBuildPhase;
			buildActionMask = 2147483647;
			files = (
				7CC5401120D69AB400B1B00C /* Assets.xcassets in Resources */,
				7CC5401420D69AB400B1B00C /* Main.storyboard in Resources */,
			);
			runOnlyForDeploymentPostprocessing = 0;
		};
/* End PBXResourcesBuildPhase section */

/* Begin PBXShellScriptBuildPhase section */
		044EDE51BBBCAFC659888833 /* [CP] Embed Pods Frameworks */ = {
			isa = PBXShellScriptBuildPhase;
			buildActionMask = 2147483647;
			files = (
			);
			inputPaths = (
				"${SRCROOT}/Pods/Target Support Files/Pods-Fenestra/Pods-Fenestra-frameworks.sh",
				"${BUILT_PRODUCTS_DIR}/HotKey/HotKey.framework",
			);
			name = "[CP] Embed Pods Frameworks";
			outputPaths = (
				"${TARGET_BUILD_DIR}/${FRAMEWORKS_FOLDER_PATH}/HotKey.framework",
			);
			runOnlyForDeploymentPostprocessing = 0;
			shellPath = /bin/sh;
			shellScript = "\"${SRCROOT}/Pods/Target Support Files/Pods-Fenestra/Pods-Fenestra-frameworks.sh\"\n";
			showEnvVarsInLog = 0;
		};
		4B7E0822009BD9D46D4E105E /* [CP] Copy Pods Resources */ = {
			isa = PBXShellScriptBuildPhase;
			buildActionMask = 2147483647;
			files = (
			);
			inputPaths = (
			);
			name = "[CP] Copy Pods Resources";
			outputPaths = (
			);
			runOnlyForDeploymentPostprocessing = 0;
			shellPath = /bin/sh;
			shellScript = "\"${SRCROOT}/Pods/Target Support Files/Pods-Fenestra/Pods-Fenestra-resources.sh\"\n";
			showEnvVarsInLog = 0;
		};
		6EEAAEB0CF989DFFD41E4EC9 /* [CP] Check Pods Manifest.lock */ = {
			isa = PBXShellScriptBuildPhase;
			buildActionMask = 2147483647;
			files = (
			);
			inputPaths = (
				"${PODS_PODFILE_DIR_PATH}/Podfile.lock",
				"${PODS_ROOT}/Manifest.lock",
			);
			name = "[CP] Check Pods Manifest.lock";
			outputPaths = (
				"$(DERIVED_FILE_DIR)/Pods-Fenestra-checkManifestLockResult.txt",
			);
			runOnlyForDeploymentPostprocessing = 0;
			shellPath = /bin/sh;
			shellScript = "diff \"${PODS_PODFILE_DIR_PATH}/Podfile.lock\" \"${PODS_ROOT}/Manifest.lock\" > /dev/null\nif [ $? != 0 ] ; then\n    # print error to STDERR\n    echo \"error: The sandbox is not in sync with the Podfile.lock. Run 'pod install' or update your CocoaPods installation.\" >&2\n    exit 1\nfi\n# This output is used by Xcode 'outputs' to avoid re-running this script phase.\necho \"SUCCESS\" > \"${SCRIPT_OUTPUT_FILE_0}\"\n";
			showEnvVarsInLog = 0;
		};
/* End PBXShellScriptBuildPhase section */

/* Begin PBXSourcesBuildPhase section */
		7C2FD3A91FCB176C00F2372E /* Sources */ = {
			isa = PBXSourcesBuildPhase;
			buildActionMask = 2147483647;
			files = (
				7C7E3D5F20DED4C700BD0A56 /* IntegerValueFormatter.swift in Sources */,
				7C2FD3B31FCB176C00F2372E /* GridSelectionViewController.swift in Sources */,
				7C187A8820BB01E900A2A234 /* AccessibilityUtil.swift in Sources */,
				7C2FD3B11FCB176C00F2372E /* AppDelegate.swift in Sources */,
				7C337FE920CC70D3007FBB12 /* HotKeySelectionView.swift in Sources */,
				7C3123B120BF8B450069A32F /* GridResizeDelegate.swift in Sources */,
				7C187A9020BCCD5C00A2A234 /* GridSelectionCell.swift in Sources */,
				7C162E8820C2022F001E9DF2 /* PreferencesViewController.swift in Sources */,
				7C625D5D2103700F00C1334F /* GridSelectionView.swift in Sources */,
			);
			runOnlyForDeploymentPostprocessing = 0;
		};
		7CC5400620D69AB200B1B00C /* Sources */ = {
			isa = PBXSourcesBuildPhase;
			buildActionMask = 2147483647;
			files = (
				7CC5400D20D69AB200B1B00C /* AppDelegate.swift in Sources */,
			);
			runOnlyForDeploymentPostprocessing = 0;
		};
/* End PBXSourcesBuildPhase section */

/* Begin PBXVariantGroup section */
		7C2FD3B61FCB176C00F2372E /* Main.storyboard */ = {
			isa = PBXVariantGroup;
			children = (
				7C2FD3B71FCB176C00F2372E /* Base */,
			);
			name = Main.storyboard;
			sourceTree = "<group>";
		};
		7CC5401220D69AB400B1B00C /* Main.storyboard */ = {
			isa = PBXVariantGroup;
			children = (
				7CC5401320D69AB400B1B00C /* Base */,
			);
			name = Main.storyboard;
			sourceTree = "<group>";
		};
/* End PBXVariantGroup section */

/* Begin XCBuildConfiguration section */
		7C2FD3D11FCB176C00F2372E /* Debug */ = {
			isa = XCBuildConfiguration;
			buildSettings = {
				ALWAYS_SEARCH_USER_PATHS = NO;
				CLANG_ANALYZER_NONNULL = YES;
				CLANG_ANALYZER_NUMBER_OBJECT_CONVERSION = YES_AGGRESSIVE;
				CLANG_CXX_LANGUAGE_STANDARD = "gnu++14";
				CLANG_CXX_LIBRARY = "libc++";
				CLANG_ENABLE_MODULES = YES;
				CLANG_ENABLE_OBJC_ARC = YES;
				CLANG_WARN_BLOCK_CAPTURE_AUTORELEASING = YES;
				CLANG_WARN_BOOL_CONVERSION = YES;
				CLANG_WARN_COMMA = YES;
				CLANG_WARN_CONSTANT_CONVERSION = YES;
				CLANG_WARN_DEPRECATED_OBJC_IMPLEMENTATIONS = YES;
				CLANG_WARN_DIRECT_OBJC_ISA_USAGE = YES_ERROR;
				CLANG_WARN_DOCUMENTATION_COMMENTS = YES;
				CLANG_WARN_EMPTY_BODY = YES;
				CLANG_WARN_ENUM_CONVERSION = YES;
				CLANG_WARN_INFINITE_RECURSION = YES;
				CLANG_WARN_INT_CONVERSION = YES;
				CLANG_WARN_NON_LITERAL_NULL_CONVERSION = YES;
				CLANG_WARN_OBJC_IMPLICIT_RETAIN_SELF = YES;
				CLANG_WARN_OBJC_LITERAL_CONVERSION = YES;
				CLANG_WARN_OBJC_ROOT_CLASS = YES_ERROR;
				CLANG_WARN_RANGE_LOOP_ANALYSIS = YES;
				CLANG_WARN_STRICT_PROTOTYPES = YES;
				CLANG_WARN_SUSPICIOUS_MOVE = YES;
				CLANG_WARN_UNGUARDED_AVAILABILITY = YES_AGGRESSIVE;
				CLANG_WARN_UNREACHABLE_CODE = YES;
				CLANG_WARN__DUPLICATE_METHOD_MATCH = YES;
				CODE_SIGN_IDENTITY = "-";
				COPY_PHASE_STRIP = NO;
				DEBUG_INFORMATION_FORMAT = dwarf;
				ENABLE_STRICT_OBJC_MSGSEND = YES;
				ENABLE_TESTABILITY = YES;
				GCC_C_LANGUAGE_STANDARD = gnu11;
				GCC_DYNAMIC_NO_PIC = NO;
				GCC_NO_COMMON_BLOCKS = YES;
				GCC_OPTIMIZATION_LEVEL = 0;
				GCC_PREPROCESSOR_DEFINITIONS = (
					"DEBUG=1",
					"$(inherited)",
				);
				GCC_WARN_64_TO_32_BIT_CONVERSION = YES;
				GCC_WARN_ABOUT_RETURN_TYPE = YES_ERROR;
				GCC_WARN_UNDECLARED_SELECTOR = YES;
				GCC_WARN_UNINITIALIZED_AUTOS = YES_AGGRESSIVE;
				GCC_WARN_UNUSED_FUNCTION = YES;
				GCC_WARN_UNUSED_VARIABLE = YES;
				MACOSX_DEPLOYMENT_TARGET = 10.13;
				MTL_ENABLE_DEBUG_INFO = YES;
				ONLY_ACTIVE_ARCH = YES;
				SDKROOT = macosx;
				SWIFT_ACTIVE_COMPILATION_CONDITIONS = DEBUG;
				SWIFT_OPTIMIZATION_LEVEL = "-Onone";
			};
			name = Debug;
		};
		7C2FD3D21FCB176C00F2372E /* Release */ = {
			isa = XCBuildConfiguration;
			buildSettings = {
				ALWAYS_SEARCH_USER_PATHS = NO;
				CLANG_ANALYZER_NONNULL = YES;
				CLANG_ANALYZER_NUMBER_OBJECT_CONVERSION = YES_AGGRESSIVE;
				CLANG_CXX_LANGUAGE_STANDARD = "gnu++14";
				CLANG_CXX_LIBRARY = "libc++";
				CLANG_ENABLE_MODULES = YES;
				CLANG_ENABLE_OBJC_ARC = YES;
				CLANG_WARN_BLOCK_CAPTURE_AUTORELEASING = YES;
				CLANG_WARN_BOOL_CONVERSION = YES;
				CLANG_WARN_COMMA = YES;
				CLANG_WARN_CONSTANT_CONVERSION = YES;
				CLANG_WARN_DEPRECATED_OBJC_IMPLEMENTATIONS = YES;
				CLANG_WARN_DIRECT_OBJC_ISA_USAGE = YES_ERROR;
				CLANG_WARN_DOCUMENTATION_COMMENTS = YES;
				CLANG_WARN_EMPTY_BODY = YES;
				CLANG_WARN_ENUM_CONVERSION = YES;
				CLANG_WARN_INFINITE_RECURSION = YES;
				CLANG_WARN_INT_CONVERSION = YES;
				CLANG_WARN_NON_LITERAL_NULL_CONVERSION = YES;
				CLANG_WARN_OBJC_IMPLICIT_RETAIN_SELF = YES;
				CLANG_WARN_OBJC_LITERAL_CONVERSION = YES;
				CLANG_WARN_OBJC_ROOT_CLASS = YES_ERROR;
				CLANG_WARN_RANGE_LOOP_ANALYSIS = YES;
				CLANG_WARN_STRICT_PROTOTYPES = YES;
				CLANG_WARN_SUSPICIOUS_MOVE = YES;
				CLANG_WARN_UNGUARDED_AVAILABILITY = YES_AGGRESSIVE;
				CLANG_WARN_UNREACHABLE_CODE = YES;
				CLANG_WARN__DUPLICATE_METHOD_MATCH = YES;
				CODE_SIGN_IDENTITY = "-";
				COPY_PHASE_STRIP = NO;
				DEBUG_INFORMATION_FORMAT = "dwarf-with-dsym";
				ENABLE_NS_ASSERTIONS = NO;
				ENABLE_STRICT_OBJC_MSGSEND = YES;
				GCC_C_LANGUAGE_STANDARD = gnu11;
				GCC_NO_COMMON_BLOCKS = YES;
				GCC_WARN_64_TO_32_BIT_CONVERSION = YES;
				GCC_WARN_ABOUT_RETURN_TYPE = YES_ERROR;
				GCC_WARN_UNDECLARED_SELECTOR = YES;
				GCC_WARN_UNINITIALIZED_AUTOS = YES_AGGRESSIVE;
				GCC_WARN_UNUSED_FUNCTION = YES;
				GCC_WARN_UNUSED_VARIABLE = YES;
				MACOSX_DEPLOYMENT_TARGET = 10.13;
				MTL_ENABLE_DEBUG_INFO = NO;
				SDKROOT = macosx;
				SWIFT_OPTIMIZATION_LEVEL = "-Owholemodule";
			};
			name = Release;
		};
		7C2FD3D41FCB176C00F2372E /* Debug */ = {
			isa = XCBuildConfiguration;
			baseConfigurationReference = B23024FEFCEC2DEA8CC4491C /* Pods-Fenestra.debug.xcconfig */;
			buildSettings = {
				ALWAYS_EMBED_SWIFT_STANDARD_LIBRARIES = YES;
				ASSETCATALOG_COMPILER_APPICON_NAME = AppIcon;
				CODE_SIGN_ENTITLEMENTS = Fenestra/Fenestra.entitlements;
				CODE_SIGN_IDENTITY = "Mac Developer";
				CODE_SIGN_STYLE = Automatic;
				COMBINE_HIDPI_IMAGES = YES;
				DEVELOPMENT_TEAM = 888Q5T53A9;
				INFOPLIST_FILE = Fenestra/Info.plist;
				LD_RUNPATH_SEARCH_PATHS = "$(inherited) @executable_path/../Frameworks";
				PRODUCT_BUNDLE_IDENTIFIER = net.codingpanda.Fenestra;
				PRODUCT_NAME = "$(TARGET_NAME)";
				PROVISIONING_PROFILE_SPECIFIER = "";
				SWIFT_VERSION = 4.0;
			};
			name = Debug;
		};
		7C2FD3D51FCB176C00F2372E /* Release */ = {
			isa = XCBuildConfiguration;
			baseConfigurationReference = E3158CDF1375AACFAF509130 /* Pods-Fenestra.release.xcconfig */;
			buildSettings = {
				ALWAYS_EMBED_SWIFT_STANDARD_LIBRARIES = YES;
				ASSETCATALOG_COMPILER_APPICON_NAME = AppIcon;
				CODE_SIGN_ENTITLEMENTS = Fenestra/Fenestra.entitlements;
				CODE_SIGN_IDENTITY = "Mac Developer";
				CODE_SIGN_STYLE = Automatic;
				COMBINE_HIDPI_IMAGES = YES;
				DEVELOPMENT_TEAM = 888Q5T53A9;
				INFOPLIST_FILE = Fenestra/Info.plist;
				LD_RUNPATH_SEARCH_PATHS = "$(inherited) @executable_path/../Frameworks";
				PRODUCT_BUNDLE_IDENTIFIER = net.codingpanda.Fenestra;
				PRODUCT_NAME = "$(TARGET_NAME)";
				PROVISIONING_PROFILE_SPECIFIER = "";
				SWIFT_VERSION = 4.0;
			};
			name = Release;
		};
		7CC5401720D69AB400B1B00C /* Debug */ = {
			isa = XCBuildConfiguration;
			buildSettings = {
				ASSETCATALOG_COMPILER_APPICON_NAME = AppIcon;
				CLANG_ENABLE_OBJC_WEAK = YES;
				CODE_SIGN_ENTITLEMENTS = FenestraLauncher/FenestraLauncher.entitlements;
				CODE_SIGN_IDENTITY = "Mac Developer";
				CODE_SIGN_STYLE = Automatic;
				COMBINE_HIDPI_IMAGES = YES;
				DEVELOPMENT_TEAM = 888Q5T53A9;
				INFOPLIST_FILE = FenestraLauncher/Info.plist;
				LD_RUNPATH_SEARCH_PATHS = "$(inherited) @executable_path/../Frameworks";
				PRODUCT_BUNDLE_IDENTIFIER = net.codingpanda.FenestraLauncher;
				PRODUCT_NAME = "$(TARGET_NAME)";
				SKIP_INSTALL = YES;
				SWIFT_VERSION = 4.0;
			};
			name = Debug;
		};
		7CC5401820D69AB400B1B00C /* Release */ = {
			isa = XCBuildConfiguration;
			buildSettings = {
				ASSETCATALOG_COMPILER_APPICON_NAME = AppIcon;
				CLANG_ENABLE_OBJC_WEAK = YES;
				CODE_SIGN_ENTITLEMENTS = FenestraLauncher/FenestraLauncher.entitlements;
				CODE_SIGN_IDENTITY = "Mac Developer";
				CODE_SIGN_STYLE = Automatic;
				COMBINE_HIDPI_IMAGES = YES;
				DEVELOPMENT_TEAM = 888Q5T53A9;
				INFOPLIST_FILE = FenestraLauncher/Info.plist;
				LD_RUNPATH_SEARCH_PATHS = "$(inherited) @executable_path/../Frameworks";
				PRODUCT_BUNDLE_IDENTIFIER = net.codingpanda.FenestraLauncher;
				PRODUCT_NAME = "$(TARGET_NAME)";
				SKIP_INSTALL = YES;
				SWIFT_VERSION = 4.0;
			};
			name = Release;
		};
/* End XCBuildConfiguration section */

/* Begin XCConfigurationList section */
		7C2FD3A81FCB176C00F2372E /* Build configuration list for PBXProject "Fenestra" */ = {
			isa = XCConfigurationList;
			buildConfigurations = (
				7C2FD3D11FCB176C00F2372E /* Debug */,
				7C2FD3D21FCB176C00F2372E /* Release */,
			);
			defaultConfigurationIsVisible = 0;
			defaultConfigurationName = Release;
		};
		7C2FD3D31FCB176C00F2372E /* Build configuration list for PBXNativeTarget "Fenestra" */ = {
			isa = XCConfigurationList;
			buildConfigurations = (
				7C2FD3D41FCB176C00F2372E /* Debug */,
				7C2FD3D51FCB176C00F2372E /* Release */,
			);
			defaultConfigurationIsVisible = 0;
			defaultConfigurationName = Release;
		};
		7CC5401920D69AB400B1B00C /* Build configuration list for PBXNativeTarget "FenestraLauncher" */ = {
			isa = XCConfigurationList;
			buildConfigurations = (
				7CC5401720D69AB400B1B00C /* Debug */,
				7CC5401820D69AB400B1B00C /* Release */,
			);
			defaultConfigurationIsVisible = 0;
			defaultConfigurationName = Release;
		};
/* End XCConfigurationList section */
	};
	rootObject = 7C2FD3A51FCB176C00F2372E /* Project object */;
}
